// !$*UTF8*$!
{
	archiveVersion = 1;
	classes = {
	};
	objectVersion = 46;
	objects = {

/* Begin PBXBuildFile section */
		AB0109421DDBAD4700D88D1F /* TrackTableViewCell.m in Sources */ = {isa = PBXBuildFile; fileRef = AB0109401DDBAD4700D88D1F /* TrackTableViewCell.m */; };
		AB0109431DDBAD4700D88D1F /* TrackTableViewCell.xib in Resources */ = {isa = PBXBuildFile; fileRef = AB0109411DDBAD4700D88D1F /* TrackTableViewCell.xib */; };
		AB57F0CE1E0E19210091B0CD /* Reachability.m in Sources */ = {isa = PBXBuildFile; fileRef = AB57F0CD1E0E19210091B0CD /* Reachability.m */; };
		AB64F72D1DAE8512002BC4F0 /* main.m in Sources */ = {isa = PBXBuildFile; fileRef = AB64F72C1DAE8512002BC4F0 /* main.m */; };
		AB64F7301DAE8512002BC4F0 /* AppDelegate.m in Sources */ = {isa = PBXBuildFile; fileRef = AB64F72F1DAE8512002BC4F0 /* AppDelegate.m */; };
		AB64F7361DAE8512002BC4F0 /* Main.storyboard in Resources */ = {isa = PBXBuildFile; fileRef = AB64F7341DAE8512002BC4F0 /* Main.storyboard */; };
		AB64F7381DAE8512002BC4F0 /* Assets.xcassets in Resources */ = {isa = PBXBuildFile; fileRef = AB64F7371DAE8512002BC4F0 /* Assets.xcassets */; };
		AB64F73B1DAE8512002BC4F0 /* LaunchScreen.storyboard in Resources */ = {isa = PBXBuildFile; fileRef = AB64F7391DAE8512002BC4F0 /* LaunchScreen.storyboard */; };
		AB64F7511DAE8512002BC4F0 /* The_Beat_DropUITests.m in Sources */ = {isa = PBXBuildFile; fileRef = AB64F7501DAE8512002BC4F0 /* The_Beat_DropUITests.m */; };
		AB64F7611DAE852D002BC4F0 /* TBDHTTPRequest.m in Sources */ = {isa = PBXBuildFile; fileRef = AB64F7601DAE852D002BC4F0 /* TBDHTTPRequest.m */; };
		AB64F7641DAE8694002BC4F0 /* WebRequestTest.m in Sources */ = {isa = PBXBuildFile; fileRef = AB64F7631DAE8694002BC4F0 /* WebRequestTest.m */; };
		AB677CB31E17001700C422C2 /* TBDWaveformView.m in Sources */ = {isa = PBXBuildFile; fileRef = AB677CB21E17001700C422C2 /* TBDWaveformView.m */; };
		AB6C0A481E0E156F00B4DB24 /* TBDReachability.m in Sources */ = {isa = PBXBuildFile; fileRef = AB6C0A471E0E156F00B4DB24 /* TBDReachability.m */; };
		AB8D75041DCADDE2005EA6CB /* TBDFileIO.m in Sources */ = {isa = PBXBuildFile; fileRef = AB8D75031DCADDE2005EA6CB /* TBDFileIO.m */; };
		AB91318E1DB2FB820038BCAF /* TBDTrack.m in Sources */ = {isa = PBXBuildFile; fileRef = AB91318D1DB2FB820038BCAF /* TBDTrack.m */; };
		AB9131931DB2FFEB0038BCAF /* TBDUser.m in Sources */ = {isa = PBXBuildFile; fileRef = AB9131921DB2FFEB0038BCAF /* TBDUser.m */; };
		AB9131981DB320C90038BCAF /* NSDictionary+ExceptionHandling.m in Sources */ = {isa = PBXBuildFile; fileRef = AB9131971DB320C90038BCAF /* NSDictionary+ExceptionHandling.m */; };
		ABACEF111DB7B49000417E5F /* TBDAudioPlayer.m in Sources */ = {isa = PBXBuildFile; fileRef = ABACEF101DB7B49000417E5F /* TBDAudioPlayer.m */; };
		ABAE263C1DBB006F00AC83DF /* HomeTableViewController.m in Sources */ = {isa = PBXBuildFile; fileRef = ABAE263B1DBB006F00AC83DF /* HomeTableViewController.m */; };
		ABAE263F1DBB008300AC83DF /* SoundcloudSearchTableViewController.m in Sources */ = {isa = PBXBuildFile; fileRef = ABAE263E1DBB008300AC83DF /* SoundcloudSearchTableViewController.m */; };
		ABAE26421DBB00A400AC83DF /* DropPlayerViewController.m in Sources */ = {isa = PBXBuildFile; fileRef = ABAE26411DBB00A400AC83DF /* DropPlayerViewController.m */; };
		ABAE26461DBB117D00AC83DF /* SplashScreenViewController.m in Sources */ = {isa = PBXBuildFile; fileRef = ABAE26451DBB117D00AC83DF /* SplashScreenViewController.m */; };
		ABB3170B1E27D27C00DE4CD3 /* SettingsViewController.m in Sources */ = {isa = PBXBuildFile; fileRef = ABB3170A1E27D27C00DE4CD3 /* SettingsViewController.m */; };
		ABB3170F1E27E9CA00DE4CD3 /* TBDUserDefaults.m in Sources */ = {isa = PBXBuildFile; fileRef = ABB3170E1E27E9CA00DE4CD3 /* TBDUserDefaults.m */; };
		ABB9F5F21DB00D42008A2A00 /* TBDSoundcloud.m in Sources */ = {isa = PBXBuildFile; fileRef = ABB9F5F11DB00D42008A2A00 /* TBDSoundcloud.m */; };
		ABB9F5F41DB00D7C008A2A00 /* SoundcloudTest.m in Sources */ = {isa = PBXBuildFile; fileRef = ABB9F5F31DB00D7C008A2A00 /* SoundcloudTest.m */; };
/* End PBXBuildFile section */

/* Begin PBXContainerItemProxy section */
		AB64F7421DAE8512002BC4F0 /* PBXContainerItemProxy */ = {
			isa = PBXContainerItemProxy;
			containerPortal = AB64F7201DAE8512002BC4F0 /* Project object */;
			proxyType = 1;
			remoteGlobalIDString = AB64F7271DAE8512002BC4F0;
			remoteInfo = "The Beat Drop";
		};
		AB64F74D1DAE8512002BC4F0 /* PBXContainerItemProxy */ = {
			isa = PBXContainerItemProxy;
			containerPortal = AB64F7201DAE8512002BC4F0 /* Project object */;
			proxyType = 1;
			remoteGlobalIDString = AB64F7271DAE8512002BC4F0;
			remoteInfo = "The Beat Drop";
		};
/* End PBXContainerItemProxy section */

/* Begin PBXFileReference section */
		AB01093F1DDBAD4700D88D1F /* TrackTableViewCell.h */ = {isa = PBXFileReference; fileEncoding = 4; lastKnownFileType = sourcecode.c.h; path = TrackTableViewCell.h; sourceTree = "<group>"; };
		AB0109401DDBAD4700D88D1F /* TrackTableViewCell.m */ = {isa = PBXFileReference; fileEncoding = 4; lastKnownFileType = sourcecode.c.objc; path = TrackTableViewCell.m; sourceTree = "<group>"; };
		AB0109411DDBAD4700D88D1F /* TrackTableViewCell.xib */ = {isa = PBXFileReference; fileEncoding = 4; lastKnownFileType = file.xib; path = TrackTableViewCell.xib; sourceTree = "<group>"; };
		AB57F0CC1E0E19210091B0CD /* Reachability.h */ = {isa = PBXFileReference; fileEncoding = 4; lastKnownFileType = sourcecode.c.h; path = Reachability.h; sourceTree = "<group>"; };
		AB57F0CD1E0E19210091B0CD /* Reachability.m */ = {isa = PBXFileReference; fileEncoding = 4; lastKnownFileType = sourcecode.c.objc; path = Reachability.m; sourceTree = "<group>"; };
		AB64F7281DAE8512002BC4F0 /* The Beat Drop.app */ = {isa = PBXFileReference; explicitFileType = wrapper.application; includeInIndex = 0; path = "The Beat Drop.app"; sourceTree = BUILT_PRODUCTS_DIR; };
		AB64F72C1DAE8512002BC4F0 /* main.m */ = {isa = PBXFileReference; lastKnownFileType = sourcecode.c.objc; path = main.m; sourceTree = "<group>"; };
		AB64F72E1DAE8512002BC4F0 /* AppDelegate.h */ = {isa = PBXFileReference; lastKnownFileType = sourcecode.c.h; path = AppDelegate.h; sourceTree = "<group>"; };
		AB64F72F1DAE8512002BC4F0 /* AppDelegate.m */ = {isa = PBXFileReference; lastKnownFileType = sourcecode.c.objc; path = AppDelegate.m; sourceTree = "<group>"; };
		AB64F7351DAE8512002BC4F0 /* Base */ = {isa = PBXFileReference; lastKnownFileType = file.storyboard; name = Base; path = Base.lproj/Main.storyboard; sourceTree = "<group>"; };
		AB64F7371DAE8512002BC4F0 /* Assets.xcassets */ = {isa = PBXFileReference; lastKnownFileType = folder.assetcatalog; path = Assets.xcassets; sourceTree = "<group>"; };
		AB64F73A1DAE8512002BC4F0 /* Base */ = {isa = PBXFileReference; lastKnownFileType = file.storyboard; name = Base; path = Base.lproj/LaunchScreen.storyboard; sourceTree = "<group>"; };
		AB64F73C1DAE8512002BC4F0 /* Info.plist */ = {isa = PBXFileReference; lastKnownFileType = text.plist.xml; path = Info.plist; sourceTree = "<group>"; };
		AB64F7411DAE8512002BC4F0 /* The Beat DropTests.xctest */ = {isa = PBXFileReference; explicitFileType = wrapper.cfbundle; includeInIndex = 0; path = "The Beat DropTests.xctest"; sourceTree = BUILT_PRODUCTS_DIR; };
		AB64F7471DAE8512002BC4F0 /* Info.plist */ = {isa = PBXFileReference; lastKnownFileType = text.plist.xml; path = Info.plist; sourceTree = "<group>"; };
		AB64F74C1DAE8512002BC4F0 /* The Beat DropUITests.xctest */ = {isa = PBXFileReference; explicitFileType = wrapper.cfbundle; includeInIndex = 0; path = "The Beat DropUITests.xctest"; sourceTree = BUILT_PRODUCTS_DIR; };
		AB64F7501DAE8512002BC4F0 /* The_Beat_DropUITests.m */ = {isa = PBXFileReference; lastKnownFileType = sourcecode.c.objc; path = The_Beat_DropUITests.m; sourceTree = "<group>"; };
		AB64F7521DAE8512002BC4F0 /* Info.plist */ = {isa = PBXFileReference; lastKnownFileType = text.plist.xml; path = Info.plist; sourceTree = "<group>"; };
		AB64F75F1DAE852D002BC4F0 /* TBDHTTPRequest.h */ = {isa = PBXFileReference; fileEncoding = 4; lastKnownFileType = sourcecode.c.h; path = TBDHTTPRequest.h; sourceTree = "<group>"; };
		AB64F7601DAE852D002BC4F0 /* TBDHTTPRequest.m */ = {isa = PBXFileReference; fileEncoding = 4; lastKnownFileType = sourcecode.c.objc; path = TBDHTTPRequest.m; sourceTree = "<group>"; };
		AB64F7631DAE8694002BC4F0 /* WebRequestTest.m */ = {isa = PBXFileReference; fileEncoding = 4; lastKnownFileType = sourcecode.c.objc; path = WebRequestTest.m; sourceTree = "<group>"; };
		AB677CB11E17001700C422C2 /* TBDWaveformView.h */ = {isa = PBXFileReference; fileEncoding = 4; lastKnownFileType = sourcecode.c.h; path = TBDWaveformView.h; sourceTree = "<group>"; };
		AB677CB21E17001700C422C2 /* TBDWaveformView.m */ = {isa = PBXFileReference; fileEncoding = 4; lastKnownFileType = sourcecode.c.objc; path = TBDWaveformView.m; sourceTree = "<group>"; };
		AB6C0A461E0E156F00B4DB24 /* TBDReachability.h */ = {isa = PBXFileReference; fileEncoding = 4; lastKnownFileType = sourcecode.c.h; path = TBDReachability.h; sourceTree = "<group>"; };
		AB6C0A471E0E156F00B4DB24 /* TBDReachability.m */ = {isa = PBXFileReference; fileEncoding = 4; lastKnownFileType = sourcecode.c.objc; path = TBDReachability.m; sourceTree = "<group>"; };
		AB8D75021DCADDE2005EA6CB /* TBDFileIO.h */ = {isa = PBXFileReference; fileEncoding = 4; lastKnownFileType = sourcecode.c.h; path = TBDFileIO.h; sourceTree = "<group>"; };
		AB8D75031DCADDE2005EA6CB /* TBDFileIO.m */ = {isa = PBXFileReference; fileEncoding = 4; lastKnownFileType = sourcecode.c.objc; path = TBDFileIO.m; sourceTree = "<group>"; };
		AB91318C1DB2FB820038BCAF /* TBDTrack.h */ = {isa = PBXFileReference; fileEncoding = 4; lastKnownFileType = sourcecode.c.h; path = TBDTrack.h; sourceTree = "<group>"; };
		AB91318D1DB2FB820038BCAF /* TBDTrack.m */ = {isa = PBXFileReference; fileEncoding = 4; lastKnownFileType = sourcecode.c.objc; path = TBDTrack.m; sourceTree = "<group>"; };
		AB9131911DB2FFEB0038BCAF /* TBDUser.h */ = {isa = PBXFileReference; fileEncoding = 4; lastKnownFileType = sourcecode.c.h; path = TBDUser.h; sourceTree = "<group>"; };
		AB9131921DB2FFEB0038BCAF /* TBDUser.m */ = {isa = PBXFileReference; fileEncoding = 4; lastKnownFileType = sourcecode.c.objc; path = TBDUser.m; sourceTree = "<group>"; };
		AB9131961DB320C90038BCAF /* NSDictionary+ExceptionHandling.h */ = {isa = PBXFileReference; fileEncoding = 4; lastKnownFileType = sourcecode.c.h; path = "NSDictionary+ExceptionHandling.h"; sourceTree = "<group>"; };
		AB9131971DB320C90038BCAF /* NSDictionary+ExceptionHandling.m */ = {isa = PBXFileReference; fileEncoding = 4; lastKnownFileType = sourcecode.c.objc; path = "NSDictionary+ExceptionHandling.m"; sourceTree = "<group>"; };
		AB973FFC1E25365B00655AB2 /* TrackTableGestureDelegate.h */ = {isa = PBXFileReference; fileEncoding = 4; lastKnownFileType = sourcecode.c.h; path = TrackTableGestureDelegate.h; sourceTree = "<group>"; };
		ABACEF0F1DB7B49000417E5F /* TBDAudioPlayer.h */ = {isa = PBXFileReference; fileEncoding = 4; lastKnownFileType = sourcecode.c.h; path = TBDAudioPlayer.h; sourceTree = "<group>"; };
		ABACEF101DB7B49000417E5F /* TBDAudioPlayer.m */ = {isa = PBXFileReference; fileEncoding = 4; lastKnownFileType = sourcecode.c.objc; path = TBDAudioPlayer.m; sourceTree = "<group>"; };
		ABAE263A1DBB006F00AC83DF /* HomeTableViewController.h */ = {isa = PBXFileReference; fileEncoding = 4; lastKnownFileType = sourcecode.c.h; path = HomeTableViewController.h; sourceTree = "<group>"; };
		ABAE263B1DBB006F00AC83DF /* HomeTableViewController.m */ = {isa = PBXFileReference; fileEncoding = 4; lastKnownFileType = sourcecode.c.objc; path = HomeTableViewController.m; sourceTree = "<group>"; };
		ABAE263D1DBB008300AC83DF /* SoundcloudSearchTableViewController.h */ = {isa = PBXFileReference; fileEncoding = 4; lastKnownFileType = sourcecode.c.h; path = SoundcloudSearchTableViewController.h; sourceTree = "<group>"; };
		ABAE263E1DBB008300AC83DF /* SoundcloudSearchTableViewController.m */ = {isa = PBXFileReference; fileEncoding = 4; lastKnownFileType = sourcecode.c.objc; path = SoundcloudSearchTableViewController.m; sourceTree = "<group>"; };
		ABAE26401DBB00A400AC83DF /* DropPlayerViewController.h */ = {isa = PBXFileReference; fileEncoding = 4; lastKnownFileType = sourcecode.c.h; path = DropPlayerViewController.h; sourceTree = "<group>"; };
		ABAE26411DBB00A400AC83DF /* DropPlayerViewController.m */ = {isa = PBXFileReference; fileEncoding = 4; lastKnownFileType = sourcecode.c.objc; path = DropPlayerViewController.m; sourceTree = "<group>"; };
		ABAE26441DBB117D00AC83DF /* SplashScreenViewController.h */ = {isa = PBXFileReference; fileEncoding = 4; lastKnownFileType = sourcecode.c.h; path = SplashScreenViewController.h; sourceTree = "<group>"; };
		ABAE26451DBB117D00AC83DF /* SplashScreenViewController.m */ = {isa = PBXFileReference; fileEncoding = 4; lastKnownFileType = sourcecode.c.objc; path = SplashScreenViewController.m; sourceTree = "<group>"; };
		ABB317091E27D27C00DE4CD3 /* SettingsViewController.h */ = {isa = PBXFileReference; fileEncoding = 4; lastKnownFileType = sourcecode.c.h; path = SettingsViewController.h; sourceTree = "<group>"; };
		ABB3170A1E27D27C00DE4CD3 /* SettingsViewController.m */ = {isa = PBXFileReference; fileEncoding = 4; lastKnownFileType = sourcecode.c.objc; path = SettingsViewController.m; sourceTree = "<group>"; };
		ABB3170D1E27E9CA00DE4CD3 /* TBDUserDefaults.h */ = {isa = PBXFileReference; fileEncoding = 4; lastKnownFileType = sourcecode.c.h; path = TBDUserDefaults.h; sourceTree = "<group>"; };
		ABB3170E1E27E9CA00DE4CD3 /* TBDUserDefaults.m */ = {isa = PBXFileReference; fileEncoding = 4; lastKnownFileType = sourcecode.c.objc; path = TBDUserDefaults.m; sourceTree = "<group>"; };
		ABB9F5F01DB00D42008A2A00 /* TBDSoundcloud.h */ = {isa = PBXFileReference; fileEncoding = 4; lastKnownFileType = sourcecode.c.h; path = TBDSoundcloud.h; sourceTree = "<group>"; };
		ABB9F5F11DB00D42008A2A00 /* TBDSoundcloud.m */ = {isa = PBXFileReference; fileEncoding = 4; lastKnownFileType = sourcecode.c.objc; path = TBDSoundcloud.m; sourceTree = "<group>"; };
		ABB9F5F31DB00D7C008A2A00 /* SoundcloudTest.m */ = {isa = PBXFileReference; fileEncoding = 4; lastKnownFileType = sourcecode.c.objc; path = SoundcloudTest.m; sourceTree = "<group>"; };
/* End PBXFileReference section */

/* Begin PBXFrameworksBuildPhase section */
		AB64F7251DAE8512002BC4F0 /* Frameworks */ = {
			isa = PBXFrameworksBuildPhase;
			buildActionMask = 2147483647;
			files = (
			);
			runOnlyForDeploymentPostprocessing = 0;
		};
		AB64F73E1DAE8512002BC4F0 /* Frameworks */ = {
			isa = PBXFrameworksBuildPhase;
			buildActionMask = 2147483647;
			files = (
			);
			runOnlyForDeploymentPostprocessing = 0;
		};
		AB64F7491DAE8512002BC4F0 /* Frameworks */ = {
			isa = PBXFrameworksBuildPhase;
			buildActionMask = 2147483647;
			files = (
			);
			runOnlyForDeploymentPostprocessing = 0;
		};
/* End PBXFrameworksBuildPhase section */

/* Begin PBXGroup section */
		AB64F71F1DAE8512002BC4F0 = {
			isa = PBXGroup;
			children = (
				AB64F72A1DAE8512002BC4F0 /* The Beat Drop */,
				AB64F7441DAE8512002BC4F0 /* The Beat DropTests */,
				AB64F74F1DAE8512002BC4F0 /* The Beat DropUITests */,
				AB64F7291DAE8512002BC4F0 /* Products */,
			);
			sourceTree = "<group>";
		};
		AB64F7291DAE8512002BC4F0 /* Products */ = {
			isa = PBXGroup;
			children = (
				AB64F7281DAE8512002BC4F0 /* The Beat Drop.app */,
				AB64F7411DAE8512002BC4F0 /* The Beat DropTests.xctest */,
				AB64F74C1DAE8512002BC4F0 /* The Beat DropUITests.xctest */,
			);
			name = Products;
			sourceTree = "<group>";
		};
		AB64F72A1DAE8512002BC4F0 /* The Beat Drop */ = {
			isa = PBXGroup;
			children = (
				AB6C0A451E0E154200B4DB24 /* Reachability */,
				AB8D75011DCADDB3005EA6CB /* File Manager */,
				ABACEF0E1DB7B45400417E5F /* Audio Player */,
				AB9131941DB320780038BCAF /* Categories */,
				AB9131861DB2FB510038BCAF /* Data Obejcts */,
				ABB9F5EF1DB00D23008A2A00 /* Soundcloud API */,
				AB64F75E1DAE8517002BC4F0 /* Web API */,
				ABAE26361DBAFFA500AC83DF /* View Controllers */,
				AB64F72E1DAE8512002BC4F0 /* AppDelegate.h */,
				AB64F72F1DAE8512002BC4F0 /* AppDelegate.m */,
				AB64F7341DAE8512002BC4F0 /* Main.storyboard */,
				AB64F7371DAE8512002BC4F0 /* Assets.xcassets */,
				AB64F7391DAE8512002BC4F0 /* LaunchScreen.storyboard */,
				AB64F73C1DAE8512002BC4F0 /* Info.plist */,
				AB64F72B1DAE8512002BC4F0 /* Supporting Files */,
			);
			path = "The Beat Drop";
			sourceTree = "<group>";
		};
		AB64F72B1DAE8512002BC4F0 /* Supporting Files */ = {
			isa = PBXGroup;
			children = (
				AB64F72C1DAE8512002BC4F0 /* main.m */,
			);
			name = "Supporting Files";
			sourceTree = "<group>";
		};
		AB64F7441DAE8512002BC4F0 /* The Beat DropTests */ = {
			isa = PBXGroup;
			children = (
				AB64F7631DAE8694002BC4F0 /* WebRequestTest.m */,
				ABB9F5F31DB00D7C008A2A00 /* SoundcloudTest.m */,
				AB64F7471DAE8512002BC4F0 /* Info.plist */,
			);
			path = "The Beat DropTests";
			sourceTree = "<group>";
		};
		AB64F74F1DAE8512002BC4F0 /* The Beat DropUITests */ = {
			isa = PBXGroup;
			children = (
				AB64F7501DAE8512002BC4F0 /* The_Beat_DropUITests.m */,
				AB64F7521DAE8512002BC4F0 /* Info.plist */,
			);
			path = "The Beat DropUITests";
			sourceTree = "<group>";
		};
		AB64F75E1DAE8517002BC4F0 /* Web API */ = {
			isa = PBXGroup;
			children = (
				AB64F75F1DAE852D002BC4F0 /* TBDHTTPRequest.h */,
				AB64F7601DAE852D002BC4F0 /* TBDHTTPRequest.m */,
			);
			name = "Web API";
			sourceTree = "<group>";
		};
		AB677CB01E16FFE900C422C2 /* Subclassed Objects */ = {
			isa = PBXGroup;
			children = (
				AB677CB11E17001700C422C2 /* TBDWaveformView.h */,
				AB677CB21E17001700C422C2 /* TBDWaveformView.m */,
			);
			name = "Subclassed Objects";
			sourceTree = "<group>";
		};
		AB6C0A451E0E154200B4DB24 /* Reachability */ = {
			isa = PBXGroup;
			children = (
				AB57F0CC1E0E19210091B0CD /* Reachability.h */,
				AB57F0CD1E0E19210091B0CD /* Reachability.m */,
				AB6C0A461E0E156F00B4DB24 /* TBDReachability.h */,
				AB6C0A471E0E156F00B4DB24 /* TBDReachability.m */,
			);
			name = Reachability;
			sourceTree = "<group>";
		};
		AB8D75011DCADDB3005EA6CB /* File Manager */ = {
			isa = PBXGroup;
			children = (
				AB8D75021DCADDE2005EA6CB /* TBDFileIO.h */,
				AB8D75031DCADDE2005EA6CB /* TBDFileIO.m */,
			);
			name = "File Manager";
			sourceTree = "<group>";
		};
		AB9131861DB2FB510038BCAF /* Data Obejcts */ = {
			isa = PBXGroup;
			children = (
				AB9131901DB2FFE30038BCAF /* User */,
				AB9131881DB2FB650038BCAF /* Track */,
			);
			name = "Data Obejcts";
			sourceTree = "<group>";
		};
		AB9131881DB2FB650038BCAF /* Track */ = {
			isa = PBXGroup;
			children = (
				AB91318C1DB2FB820038BCAF /* TBDTrack.h */,
				AB91318D1DB2FB820038BCAF /* TBDTrack.m */,
			);
			name = Track;
			sourceTree = "<group>";
		};
		AB9131901DB2FFE30038BCAF /* User */ = {
			isa = PBXGroup;
			children = (
				AB9131911DB2FFEB0038BCAF /* TBDUser.h */,
				AB9131921DB2FFEB0038BCAF /* TBDUser.m */,
			);
			name = User;
			sourceTree = "<group>";
		};
		AB9131941DB320780038BCAF /* Categories */ = {
			isa = PBXGroup;
			children = (
				AB9131951DB3207F0038BCAF /* NSDictionary */,
			);
			name = Categories;
			sourceTree = "<group>";
		};
		AB9131951DB3207F0038BCAF /* NSDictionary */ = {
			isa = PBXGroup;
			children = (
				AB9131961DB320C90038BCAF /* NSDictionary+ExceptionHandling.h */,
				AB9131971DB320C90038BCAF /* NSDictionary+ExceptionHandling.m */,
			);
			name = NSDictionary;
			sourceTree = "<group>";
		};
		AB973FFA1E25362300655AB2 /* Delegate */ = {
			isa = PBXGroup;
			children = (
				AB973FFC1E25365B00655AB2 /* TrackTableGestureDelegate.h */,
			);
			name = Delegate;
			sourceTree = "<group>";
		};
		ABACEF0E1DB7B45400417E5F /* Audio Player */ = {
			isa = PBXGroup;
			children = (
				ABACEF0F1DB7B49000417E5F /* TBDAudioPlayer.h */,
				ABACEF101DB7B49000417E5F /* TBDAudioPlayer.m */,
			);
			name = "Audio Player";
			sourceTree = "<group>";
		};
		ABAE26361DBAFFA500AC83DF /* View Controllers */ = {
			isa = PBXGroup;
			children = (
				ABD7A9961E25C1E600F12F61 /* Settings */,
				ABAE26391DBB003D00AC83DF /* DropPlayer */,
				ABB583B61DCBD10B001A4806 /* TrackTableViewCell */,
				ABAE26431DBB117200AC83DF /* Splash Screen */,
				ABAE26371DBB001100AC83DF /* Home */,
				ABAE26381DBB002300AC83DF /* SoundcloudSearch */,
			);
			name = "View Controllers";
			sourceTree = "<group>";
		};
		ABAE26371DBB001100AC83DF /* Home */ = {
			isa = PBXGroup;
			children = (
				ABAE263A1DBB006F00AC83DF /* HomeTableViewController.h */,
				ABAE263B1DBB006F00AC83DF /* HomeTableViewController.m */,
			);
			name = Home;
			sourceTree = "<group>";
		};
		ABAE26381DBB002300AC83DF /* SoundcloudSearch */ = {
			isa = PBXGroup;
			children = (
				ABAE263D1DBB008300AC83DF /* SoundcloudSearchTableViewController.h */,
				ABAE263E1DBB008300AC83DF /* SoundcloudSearchTableViewController.m */,
			);
			name = SoundcloudSearch;
			sourceTree = "<group>";
		};
		ABAE26391DBB003D00AC83DF /* DropPlayer */ = {
			isa = PBXGroup;
			children = (
				AB677CB01E16FFE900C422C2 /* Subclassed Objects */,
				ABAE26401DBB00A400AC83DF /* DropPlayerViewController.h */,
				ABAE26411DBB00A400AC83DF /* DropPlayerViewController.m */,
			);
			name = DropPlayer;
			sourceTree = "<group>";
		};
		ABAE26431DBB117200AC83DF /* Splash Screen */ = {
			isa = PBXGroup;
			children = (
				ABAE26441DBB117D00AC83DF /* SplashScreenViewController.h */,
				ABAE26451DBB117D00AC83DF /* SplashScreenViewController.m */,
			);
			name = "Splash Screen";
			sourceTree = "<group>";
		};
		ABB3170C1E27D28000DE4CD3 /* User Settings */ = {
			isa = PBXGroup;
			children = (
				ABB3170D1E27E9CA00DE4CD3 /* TBDUserDefaults.h */,
				ABB3170E1E27E9CA00DE4CD3 /* TBDUserDefaults.m */,
			);
			name = "User Settings";
			sourceTree = "<group>";
		};
		ABB583B61DCBD10B001A4806 /* TrackTableViewCell */ = {
			isa = PBXGroup;
			children = (
				AB973FFA1E25362300655AB2 /* Delegate */,
				AB01093F1DDBAD4700D88D1F /* TrackTableViewCell.h */,
				AB0109401DDBAD4700D88D1F /* TrackTableViewCell.m */,
				AB0109411DDBAD4700D88D1F /* TrackTableViewCell.xib */,
			);
			name = TrackTableViewCell;
			sourceTree = "<group>";
		};
		ABB9F5EF1DB00D23008A2A00 /* Soundcloud API */ = {
			isa = PBXGroup;
			children = (
				ABB9F5F01DB00D42008A2A00 /* TBDSoundcloud.h */,
				ABB9F5F11DB00D42008A2A00 /* TBDSoundcloud.m */,
			);
			name = "Soundcloud API";
			sourceTree = "<group>";
		};
		ABD7A9961E25C1E600F12F61 /* Settings */ = {
			isa = PBXGroup;
			children = (
				ABB3170C1E27D28000DE4CD3 /* User Settings */,
				ABB317091E27D27C00DE4CD3 /* SettingsViewController.h */,
				ABB3170A1E27D27C00DE4CD3 /* SettingsViewController.m */,
			);
			name = Settings;
			sourceTree = "<group>";
		};
/* End PBXGroup section */

/* Begin PBXNativeTarget section */
		AB64F7271DAE8512002BC4F0 /* The Beat Drop */ = {
			isa = PBXNativeTarget;
			buildConfigurationList = AB64F7551DAE8512002BC4F0 /* Build configuration list for PBXNativeTarget "The Beat Drop" */;
			buildPhases = (
				AB64F7241DAE8512002BC4F0 /* Sources */,
				AB64F7251DAE8512002BC4F0 /* Frameworks */,
				AB64F7261DAE8512002BC4F0 /* Resources */,
			);
			buildRules = (
			);
			dependencies = (
			);
			name = "The Beat Drop";
			productName = "The Beat Drop";
			productReference = AB64F7281DAE8512002BC4F0 /* The Beat Drop.app */;
			productType = "com.apple.product-type.application";
		};
		AB64F7401DAE8512002BC4F0 /* The Beat DropTests */ = {
			isa = PBXNativeTarget;
			buildConfigurationList = AB64F7581DAE8512002BC4F0 /* Build configuration list for PBXNativeTarget "The Beat DropTests" */;
			buildPhases = (
				AB64F73D1DAE8512002BC4F0 /* Sources */,
				AB64F73E1DAE8512002BC4F0 /* Frameworks */,
				AB64F73F1DAE8512002BC4F0 /* Resources */,
			);
			buildRules = (
			);
			dependencies = (
				AB64F7431DAE8512002BC4F0 /* PBXTargetDependency */,
			);
			name = "The Beat DropTests";
			productName = "The Beat DropTests";
			productReference = AB64F7411DAE8512002BC4F0 /* The Beat DropTests.xctest */;
			productType = "com.apple.product-type.bundle.unit-test";
		};
		AB64F74B1DAE8512002BC4F0 /* The Beat DropUITests */ = {
			isa = PBXNativeTarget;
			buildConfigurationList = AB64F75B1DAE8512002BC4F0 /* Build configuration list for PBXNativeTarget "The Beat DropUITests" */;
			buildPhases = (
				AB64F7481DAE8512002BC4F0 /* Sources */,
				AB64F7491DAE8512002BC4F0 /* Frameworks */,
				AB64F74A1DAE8512002BC4F0 /* Resources */,
			);
			buildRules = (
			);
			dependencies = (
				AB64F74E1DAE8512002BC4F0 /* PBXTargetDependency */,
			);
			name = "The Beat DropUITests";
			productName = "The Beat DropUITests";
			productReference = AB64F74C1DAE8512002BC4F0 /* The Beat DropUITests.xctest */;
			productType = "com.apple.product-type.bundle.ui-testing";
		};
/* End PBXNativeTarget section */

/* Begin PBXProject section */
		AB64F7201DAE8512002BC4F0 /* Project object */ = {
			isa = PBXProject;
			attributes = {
				LastUpgradeCheck = 0800;
				ORGANIZATIONNAME = "Jonathan Danek";
				TargetAttributes = {
					AB64F7271DAE8512002BC4F0 = {
						CreatedOnToolsVersion = 8.0;
						DevelopmentTeam = 83X459G38K;
						ProvisioningStyle = Automatic;
					};
					AB64F7401DAE8512002BC4F0 = {
						CreatedOnToolsVersion = 8.0;
						DevelopmentTeam = 83X459G38K;
						ProvisioningStyle = Automatic;
						TestTargetID = AB64F7271DAE8512002BC4F0;
					};
					AB64F74B1DAE8512002BC4F0 = {
						CreatedOnToolsVersion = 8.0;
						DevelopmentTeam = 83X459G38K;
						ProvisioningStyle = Automatic;
						TestTargetID = AB64F7271DAE8512002BC4F0;
					};
				};
			};
			buildConfigurationList = AB64F7231DAE8512002BC4F0 /* Build configuration list for PBXProject "The Beat Drop" */;
			compatibilityVersion = "Xcode 3.2";
			developmentRegion = English;
			hasScannedForEncodings = 0;
			knownRegions = (
				en,
				Base,
			);
			mainGroup = AB64F71F1DAE8512002BC4F0;
			productRefGroup = AB64F7291DAE8512002BC4F0 /* Products */;
			projectDirPath = "";
			projectRoot = "";
			targets = (
				AB64F7271DAE8512002BC4F0 /* The Beat Drop */,
				AB64F7401DAE8512002BC4F0 /* The Beat DropTests */,
				AB64F74B1DAE8512002BC4F0 /* The Beat DropUITests */,
			);
		};
/* End PBXProject section */

/* Begin PBXResourcesBuildPhase section */
		AB64F7261DAE8512002BC4F0 /* Resources */ = {
			isa = PBXResourcesBuildPhase;
			buildActionMask = 2147483647;
			files = (
				AB64F73B1DAE8512002BC4F0 /* LaunchScreen.storyboard in Resources */,
				AB64F7381DAE8512002BC4F0 /* Assets.xcassets in Resources */,
				AB64F7361DAE8512002BC4F0 /* Main.storyboard in Resources */,
				AB0109431DDBAD4700D88D1F /* TrackTableViewCell.xib in Resources */,
			);
			runOnlyForDeploymentPostprocessing = 0;
		};
		AB64F73F1DAE8512002BC4F0 /* Resources */ = {
			isa = PBXResourcesBuildPhase;
			buildActionMask = 2147483647;
			files = (
			);
			runOnlyForDeploymentPostprocessing = 0;
		};
		AB64F74A1DAE8512002BC4F0 /* Resources */ = {
			isa = PBXResourcesBuildPhase;
			buildActionMask = 2147483647;
			files = (
			);
			runOnlyForDeploymentPostprocessing = 0;
		};
/* End PBXResourcesBuildPhase section */

/* Begin PBXSourcesBuildPhase section */
		AB64F7241DAE8512002BC4F0 /* Sources */ = {
			isa = PBXSourcesBuildPhase;
			buildActionMask = 2147483647;
			files = (
				AB9131931DB2FFEB0038BCAF /* TBDUser.m in Sources */,
				AB0109421DDBAD4700D88D1F /* TrackTableViewCell.m in Sources */,
				AB8D75041DCADDE2005EA6CB /* TBDFileIO.m in Sources */,
				ABB3170B1E27D27C00DE4CD3 /* SettingsViewController.m in Sources */,
				ABAE26421DBB00A400AC83DF /* DropPlayerViewController.m in Sources */,
				ABB3170F1E27E9CA00DE4CD3 /* TBDUserDefaults.m in Sources */,
				AB677CB31E17001700C422C2 /* TBDWaveformView.m in Sources */,
				ABAE263F1DBB008300AC83DF /* SoundcloudSearchTableViewController.m in Sources */,
				ABAE26461DBB117D00AC83DF /* SplashScreenViewController.m in Sources */,
				AB9131981DB320C90038BCAF /* NSDictionary+ExceptionHandling.m in Sources */,
				AB64F7301DAE8512002BC4F0 /* AppDelegate.m in Sources */,
				AB64F7611DAE852D002BC4F0 /* TBDHTTPRequest.m in Sources */,
				ABACEF111DB7B49000417E5F /* TBDAudioPlayer.m in Sources */,
				AB57F0CE1E0E19210091B0CD /* Reachability.m in Sources */,
				ABAE263C1DBB006F00AC83DF /* HomeTableViewController.m in Sources */,
				AB64F72D1DAE8512002BC4F0 /* main.m in Sources */,
				AB91318E1DB2FB820038BCAF /* TBDTrack.m in Sources */,
				AB6C0A481E0E156F00B4DB24 /* TBDReachability.m in Sources */,
				ABB9F5F21DB00D42008A2A00 /* TBDSoundcloud.m in Sources */,
			);
			runOnlyForDeploymentPostprocessing = 0;
		};
		AB64F73D1DAE8512002BC4F0 /* Sources */ = {
			isa = PBXSourcesBuildPhase;
			buildActionMask = 2147483647;
			files = (
				AB64F7641DAE8694002BC4F0 /* WebRequestTest.m in Sources */,
				ABB9F5F41DB00D7C008A2A00 /* SoundcloudTest.m in Sources */,
			);
			runOnlyForDeploymentPostprocessing = 0;
		};
		AB64F7481DAE8512002BC4F0 /* Sources */ = {
			isa = PBXSourcesBuildPhase;
			buildActionMask = 2147483647;
			files = (
				AB64F7511DAE8512002BC4F0 /* The_Beat_DropUITests.m in Sources */,
			);
			runOnlyForDeploymentPostprocessing = 0;
		};
/* End PBXSourcesBuildPhase section */

/* Begin PBXTargetDependency section */
		AB64F7431DAE8512002BC4F0 /* PBXTargetDependency */ = {
			isa = PBXTargetDependency;
			target = AB64F7271DAE8512002BC4F0 /* The Beat Drop */;
			targetProxy = AB64F7421DAE8512002BC4F0 /* PBXContainerItemProxy */;
		};
		AB64F74E1DAE8512002BC4F0 /* PBXTargetDependency */ = {
			isa = PBXTargetDependency;
			target = AB64F7271DAE8512002BC4F0 /* The Beat Drop */;
			targetProxy = AB64F74D1DAE8512002BC4F0 /* PBXContainerItemProxy */;
		};
/* End PBXTargetDependency section */

/* Begin PBXVariantGroup section */
		AB64F7341DAE8512002BC4F0 /* Main.storyboard */ = {
			isa = PBXVariantGroup;
			children = (
				AB64F7351DAE8512002BC4F0 /* Base */,
			);
			name = Main.storyboard;
			sourceTree = "<group>";
		};
		AB64F7391DAE8512002BC4F0 /* LaunchScreen.storyboard */ = {
			isa = PBXVariantGroup;
			children = (
				AB64F73A1DAE8512002BC4F0 /* Base */,
			);
			name = LaunchScreen.storyboard;
			sourceTree = "<group>";
		};
/* End PBXVariantGroup section */

/* Begin XCBuildConfiguration section */
		AB64F7531DAE8512002BC4F0 /* Debug */ = {
			isa = XCBuildConfiguration;
			buildSettings = {
				ALWAYS_SEARCH_USER_PATHS = NO;
				CLANG_ANALYZER_NONNULL = YES;
				CLANG_CXX_LANGUAGE_STANDARD = "gnu++0x";
				CLANG_CXX_LIBRARY = "libc++";
				CLANG_ENABLE_MODULES = YES;
				CLANG_ENABLE_OBJC_ARC = YES;
				CLANG_WARN_BOOL_CONVERSION = YES;
				CLANG_WARN_CONSTANT_CONVERSION = YES;
				CLANG_WARN_DIRECT_OBJC_ISA_USAGE = YES_ERROR;
				CLANG_WARN_DOCUMENTATION_COMMENTS = YES;
				CLANG_WARN_EMPTY_BODY = YES;
				CLANG_WARN_ENUM_CONVERSION = YES;
				CLANG_WARN_INFINITE_RECURSION = YES;
				CLANG_WARN_INT_CONVERSION = YES;
				CLANG_WARN_OBJC_ROOT_CLASS = YES_ERROR;
				CLANG_WARN_SUSPICIOUS_MOVES = YES;
				CLANG_WARN_UNREACHABLE_CODE = YES;
				CLANG_WARN__DUPLICATE_METHOD_MATCH = YES;
				"CODE_SIGN_IDENTITY[sdk=iphoneos*]" = "iPhone Developer";
				COPY_PHASE_STRIP = NO;
				DEBUG_INFORMATION_FORMAT = dwarf;
				ENABLE_STRICT_OBJC_MSGSEND = YES;
				ENABLE_TESTABILITY = YES;
				GCC_C_LANGUAGE_STANDARD = gnu99;
				GCC_DYNAMIC_NO_PIC = NO;
				GCC_NO_COMMON_BLOCKS = YES;
				GCC_OPTIMIZATION_LEVEL = 0;
				GCC_PREPROCESSOR_DEFINITIONS = (
					"DEBUG=1",
					"$(inherited)",
				);
				GCC_WARN_64_TO_32_BIT_CONVERSION = YES;
				GCC_WARN_ABOUT_RETURN_TYPE = YES_ERROR;
				GCC_WARN_UNDECLARED_SELECTOR = YES;
				GCC_WARN_UNINITIALIZED_AUTOS = YES_AGGRESSIVE;
				GCC_WARN_UNUSED_FUNCTION = YES;
				GCC_WARN_UNUSED_VARIABLE = YES;
				IPHONEOS_DEPLOYMENT_TARGET = 10.0;
				MTL_ENABLE_DEBUG_INFO = YES;
				ONLY_ACTIVE_ARCH = YES;
				SDKROOT = iphoneos;
				TARGETED_DEVICE_FAMILY = "1,2";
			};
			name = Debug;
		};
		AB64F7541DAE8512002BC4F0 /* Release */ = {
			isa = XCBuildConfiguration;
			buildSettings = {
				ALWAYS_SEARCH_USER_PATHS = NO;
				CLANG_ANALYZER_NONNULL = YES;
				CLANG_CXX_LANGUAGE_STANDARD = "gnu++0x";
				CLANG_CXX_LIBRARY = "libc++";
				CLANG_ENABLE_MODULES = YES;
				CLANG_ENABLE_OBJC_ARC = YES;
				CLANG_WARN_BOOL_CONVERSION = YES;
				CLANG_WARN_CONSTANT_CONVERSION = YES;
				CLANG_WARN_DIRECT_OBJC_ISA_USAGE = YES_ERROR;
				CLANG_WARN_DOCUMENTATION_COMMENTS = YES;
				CLANG_WARN_EMPTY_BODY = YES;
				CLANG_WARN_ENUM_CONVERSION = YES;
				CLANG_WARN_INFINITE_RECURSION = YES;
				CLANG_WARN_INT_CONVERSION = YES;
				CLANG_WARN_OBJC_ROOT_CLASS = YES_ERROR;
				CLANG_WARN_SUSPICIOUS_MOVES = YES;
				CLANG_WARN_UNREACHABLE_CODE = YES;
				CLANG_WARN__DUPLICATE_METHOD_MATCH = YES;
				"CODE_SIGN_IDENTITY[sdk=iphoneos*]" = "iPhone Developer";
				COPY_PHASE_STRIP = NO;
				DEBUG_INFORMATION_FORMAT = "dwarf-with-dsym";
				ENABLE_NS_ASSERTIONS = NO;
				ENABLE_STRICT_OBJC_MSGSEND = YES;
				GCC_C_LANGUAGE_STANDARD = gnu99;
				GCC_NO_COMMON_BLOCKS = YES;
				GCC_WARN_64_TO_32_BIT_CONVERSION = YES;
				GCC_WARN_ABOUT_RETURN_TYPE = YES_ERROR;
				GCC_WARN_UNDECLARED_SELECTOR = YES;
				GCC_WARN_UNINITIALIZED_AUTOS = YES_AGGRESSIVE;
				GCC_WARN_UNUSED_FUNCTION = YES;
				GCC_WARN_UNUSED_VARIABLE = YES;
				IPHONEOS_DEPLOYMENT_TARGET = 10.0;
				MTL_ENABLE_DEBUG_INFO = NO;
				SDKROOT = iphoneos;
				TARGETED_DEVICE_FAMILY = "1,2";
				VALIDATE_PRODUCT = YES;
			};
			name = Release;
		};
		AB64F7561DAE8512002BC4F0 /* Debug */ = {
			isa = XCBuildConfiguration;
			buildSettings = {
				ASSETCATALOG_COMPILER_APPICON_NAME = AppIcon;
				DEVELOPMENT_TEAM = 83X459G38K;
				INFOPLIST_FILE = "The Beat Drop/Info.plist";
				IPHONEOS_DEPLOYMENT_TARGET = 10.0;
				LD_RUNPATH_SEARCH_PATHS = "$(inherited) @executable_path/Frameworks";
				PRODUCT_BUNDLE_IDENTIFIER = "me.danek.The-Beat-Drop";
				PRODUCT_NAME = "$(TARGET_NAME)";
				TARGETED_DEVICE_FAMILY = 1;
			};
			name = Debug;
		};
		AB64F7571DAE8512002BC4F0 /* Release */ = {
			isa = XCBuildConfiguration;
			buildSettings = {
				ASSETCATALOG_COMPILER_APPICON_NAME = AppIcon;
				DEVELOPMENT_TEAM = 83X459G38K;
				INFOPLIST_FILE = "The Beat Drop/Info.plist";
				IPHONEOS_DEPLOYMENT_TARGET = 10.0;
				LD_RUNPATH_SEARCH_PATHS = "$(inherited) @executable_path/Frameworks";
				PRODUCT_BUNDLE_IDENTIFIER = "me.danek.The-Beat-Drop";
				PRODUCT_NAME = "$(TARGET_NAME)";
				TARGETED_DEVICE_FAMILY = 1;
			};
			name = Release;
		};
		AB64F7591DAE8512002BC4F0 /* Debug */ = {
			isa = XCBuildConfiguration;
			buildSettings = {
				BUNDLE_LOADER = "$(TEST_HOST)";
				DEVELOPMENT_TEAM = 83X459G38K;
				INFOPLIST_FILE = "The Beat DropTests/Info.plist";
				LD_RUNPATH_SEARCH_PATHS = "$(inherited) @executable_path/Frameworks @loader_path/Frameworks";
				PRODUCT_BUNDLE_IDENTIFIER = "me.danek.The-Beat-DropTests";
				PRODUCT_NAME = "$(TARGET_NAME)";
				TEST_HOST = "$(BUILT_PRODUCTS_DIR)/The Beat Drop.app/The Beat Drop";
			};
			name = Debug;
		};
		AB64F75A1DAE8512002BC4F0 /* Release */ = {
			isa = XCBuildConfiguration;
			buildSettings = {
				BUNDLE_LOADER = "$(TEST_HOST)";
				DEVELOPMENT_TEAM = 83X459G38K;
				INFOPLIST_FILE = "The Beat DropTests/Info.plist";
				LD_RUNPATH_SEARCH_PATHS = "$(inherited) @executable_path/Frameworks @loader_path/Frameworks";
				PRODUCT_BUNDLE_IDENTIFIER = "me.danek.The-Beat-DropTests";
				PRODUCT_NAME = "$(TARGET_NAME)";
				TEST_HOST = "$(BUILT_PRODUCTS_DIR)/The Beat Drop.app/The Beat Drop";
			};
			name = Release;
		};
		AB64F75C1DAE8512002BC4F0 /* Debug */ = {
			isa = XCBuildConfiguration;
			buildSettings = {
				DEVELOPMENT_TEAM = 83X459G38K;
				INFOPLIST_FILE = "The Beat DropUITests/Info.plist";
				LD_RUNPATH_SEARCH_PATHS = "$(inherited) @executable_path/Frameworks @loader_path/Frameworks";
				PRODUCT_BUNDLE_IDENTIFIER = "me.danek.The-Beat-DropUITests";
				PRODUCT_NAME = "$(TARGET_NAME)";
				TEST_TARGET_NAME = "The Beat Drop";
			};
			name = Debug;
		};
		AB64F75D1DAE8512002BC4F0 /* Release */ = {
			isa = XCBuildConfiguration;
			buildSettings = {
				DEVELOPMENT_TEAM = 83X459G38K;
				INFOPLIST_FILE = "The Beat DropUITests/Info.plist";
				LD_RUNPATH_SEARCH_PATHS = "$(inherited) @executable_path/Frameworks @loader_path/Frameworks";
				PRODUCT_BUNDLE_IDENTIFIER = "me.danek.The-Beat-DropUITests";
				PRODUCT_NAME = "$(TARGET_NAME)";
				TEST_TARGET_NAME = "The Beat Drop";
			};
			name = Release;
		};
/* End XCBuildConfiguration section */

/* Begin XCConfigurationList section */
		AB64F7231DAE8512002BC4F0 /* Build configuration list for PBXProject "The Beat Drop" */ = {
			isa = XCConfigurationList;
			buildConfigurations = (
				AB64F7531DAE8512002BC4F0 /* Debug */,
				AB64F7541DAE8512002BC4F0 /* Release */,
			);
			defaultConfigurationIsVisible = 0;
			defaultConfigurationName = Release;
		};
		AB64F7551DAE8512002BC4F0 /* Build configuration list for PBXNativeTarget "The Beat Drop" */ = {
			isa = XCConfigurationList;
			buildConfigurations = (
				AB64F7561DAE8512002BC4F0 /* Debug */,
				AB64F7571DAE8512002BC4F0 /* Release */,
			);
			defaultConfigurationIsVisible = 0;
			defaultConfigurationName = Release;
		};
		AB64F7581DAE8512002BC4F0 /* Build configuration list for PBXNativeTarget "The Beat DropTests" */ = {
			isa = XCConfigurationList;
			buildConfigurations = (
				AB64F7591DAE8512002BC4F0 /* Debug */,
				AB64F75A1DAE8512002BC4F0 /* Release */,
			);
			defaultConfigurationIsVisible = 0;
			defaultConfigurationName = Release;
		};
		AB64F75B1DAE8512002BC4F0 /* Build configuration list for PBXNativeTarget "The Beat DropUITests" */ = {
			isa = XCConfigurationList;
			buildConfigurations = (
				AB64F75C1DAE8512002BC4F0 /* Debug */,
				AB64F75D1DAE8512002BC4F0 /* Release */,
			);
			defaultConfigurationIsVisible = 0;
			defaultConfigurationName = Release;
		};
/* End XCConfigurationList section */
	};
	rootObject = AB64F7201DAE8512002BC4F0 /* Project object */;
}
